
Microsoft Visual Studio Solution File, Format Version 12.00
# Visual Studio Version 16
VisualStudioVersion = 16.0.29102.190
MinimumVisualStudioVersion = 10.0.40219.1
Project("{FAE04EC0-301F-11D3-BF4B-00C04F79EFBC}") = "CentFuxx.Products", "CentFuxx.Products\CentFuxx.Products.csproj", "{1B827D9F-F0A7-4A3D-9B6E-FA9C92EE3325}"
EndProject
Global
	GlobalSection(SolutionConfigurationPlatforms) = preSolution
		Debug|Any CPU = Debug|Any CPU
		Release|Any CPU = Release|Any CPU
	EndGlobalSection
	GlobalSection(ProjectConfigurationPlatforms) = postSolution
		{1B827D9F-F0A7-4A3D-9B6E-FA9C92EE3325}.Debug|Any CPU.ActiveCfg = Debug|Any CPU
		{1B827D9F-F0A7-4A3D-9B6E-FA9C92EE3325}.Debug|Any CPU.Build.0 = Debug|Any CPU
		{1B827D9F-F0A7-4A3D-9B6E-FA9C92EE3325}.Release|Any CPU.ActiveCfg = Release|Any CPU
		{1B827D9F-F0A7-4A3D-9B6E-FA9C92EE3325}.Release|Any CPU.Build.0 = Release|Any CPU
	EndGlobalSection
	GlobalSection(SolutionProperties) = preSolution
		HideSolutionNode = FALSE
	EndGlobalSection
	GlobalSection(ExtensibilityGlobals) = postSolution
		SolutionGuid = {469899F9-D8D1-4298-A294-D382B0B605F3}
	EndGlobalSection
EndGlobal
